<?xml version="1.0" encoding="utf-8"?>
<Project ToolsVersion="4.0" xmlns="http://schemas.microsoft.com/developer/msbuild/2003">
  <ItemGroup>
    <ClCompile Include="src\Main.cpp" />
    <ClCompile Include="src\TetrisGame.h" />
    <ClCompile Include="src\TetrisGame.cpp" />
    <ClCompile Include="src\GameUI.cpp" />
    <ClCompile Include="src\easing_functions\easing.cpp" />
    <ClCompile Include="src\GameOverUI.cpp" />
  </ItemGroup>
  <ItemGroup>
    <ClInclude Include="src\Game.h" />
    <ClInclude Include="src\Tetrominoes.h" />
    <ClInclude Include="src\TetrisTile.h" />
    <ClInclude Include="src\GameUI.h" />
    <ClInclude Include="src\TetrisConfig.h" />
    <ClInclude Include="src\InputController.h" />
    <ClInclude Include="src\easing_functions\easing.h" />
    <ClInclude Include="src\UI_Element.h" />
    <ClInclude Include="src\GameOverUI.h" />
  </ItemGroup>
  <ItemGroup>
    <Image Include="assets\tetris-tileset.png" />
    <Image Include="assets\tetris-tileset-v2.png" />
  </ItemGroup>
  <ItemGroup>
    <Font Include="assets\NovaFlat.ttf" />
    <Font Include="assets\tetris-font.ttf" />
  </ItemGroup>
</Project>